PODS:
  - albumsaver (0.0.1):
    - Flutter
  - Bugly (2.5.71)
  - camera (0.0.1):
    - Flutter
  - connectivity (0.0.1):
    - Flutter
    - Reachability
  - connectivity_for_web (0.1.0):
    - Flutter
  - connectivity_macos (0.0.1):
    - Flutter
  - device_info (0.0.1):
    - Flutter
  - Flutter (1.0.0)
  - flutter_app_upgrade (0.0.1):
    - Flutter
  - flutter_bugly (0.0.1):
    - Bugly
    - Flutter
  - flutter_plugin_android_lifecycle (0.0.1):
    - Flutter
  - fluttertoast (0.0.2):
    - Flutter
    - Toast
  - FMDB (2.7.5):
    - FMDB/standard (= 2.7.5)
  - FMDB/standard (2.7.5)
  - image_picker (0.0.1):
    - Flutter
  - package_info (0.0.1):
    - Flutter
  - path_provider (0.0.1):
    - Flutter
  - path_provider_linux (0.0.1):
    - Flutter
  - path_provider_macos (0.0.1):
    - Flutter
  - path_provider_windows (0.0.1):
    - Flutter
  - "permission_handler (5.0.1+1)":
    - Flutter
  - Reachability (3.2)
  - screen (0.0.1):
    - Flutter
  - share (0.0.1):
    - Flutter
  - shared_preferences (0.0.1):
    - Flutter
  - shared_preferences_linux (0.0.1):
    - Flutter
  - shared_preferences_macos (0.0.1):
    - Flutter
  - shared_preferences_web (0.0.1):
    - Flutter
  - shared_preferences_windows (0.0.1):
    - Flutter
  - sqflite (0.0.2):
    - Flutter
    - FMDB (>= 2.7.5)
  - Toast (4.0.0)
  - url_launcher (0.0.1):
    - Flutter
  - url_launcher_linux (0.0.1):
    - Flutter
  - url_launcher_macos (0.0.1):
    - Flutter
  - url_launcher_web (0.0.1):
    - Flutter
  - video_player (0.0.1):
    - Flutter
  - video_player_web (0.0.1):
    - Flutter
  - wakelock (0.0.1):
    - Flutter
  - webview_flutter (0.0.1):
    - Flutter

DEPENDENCIES:
  - albumsaver (from `.symlinks/plugins/albumsaver/ios`)
  - camera (from `.symlinks/plugins/camera/ios`)
  - connectivity (from `.symlinks/plugins/connectivity/ios`)
  - connectivity_for_web (from `.symlinks/plugins/connectivity_for_web/ios`)
  - connectivity_macos (from `.symlinks/plugins/connectivity_macos/ios`)
  - device_info (from `.symlinks/plugins/device_info/ios`)
  - Flutter (from `Flutter`)
  - flutter_app_upgrade (from `.symlinks/plugins/flutter_app_upgrade/ios`)
  - flutter_bugly (from `.symlinks/plugins/flutter_bugly/ios`)
  - flutter_plugin_android_lifecycle (from `.symlinks/plugins/flutter_plugin_android_lifecycle/ios`)
  - fluttertoast (from `.symlinks/plugins/fluttertoast/ios`)
  - image_picker (from `.symlinks/plugins/image_picker/ios`)
  - package_info (from `.symlinks/plugins/package_info/ios`)
  - path_provider (from `.symlinks/plugins/path_provider/ios`)
  - path_provider_linux (from `.symlinks/plugins/path_provider_linux/ios`)
  - path_provider_macos (from `.symlinks/plugins/path_provider_macos/ios`)
  - path_provider_windows (from `.symlinks/plugins/path_provider_windows/ios`)
  - permission_handler (from `.symlinks/plugins/permission_handler/ios`)
  - screen (from `.symlinks/plugins/screen/ios`)
  - share (from `.symlinks/plugins/share/ios`)
  - shared_preferences (from `.symlinks/plugins/shared_preferences/ios`)
  - shared_preferences_linux (from `.symlinks/plugins/shared_preferences_linux/ios`)
  - shared_preferences_macos (from `.symlinks/plugins/shared_preferences_macos/ios`)
  - shared_preferences_web (from `.symlinks/plugins/shared_preferences_web/ios`)
  - shared_preferences_windows (from `.symlinks/plugins/shared_preferences_windows/ios`)
  - sqflite (from `.symlinks/plugins/sqflite/ios`)
  - url_launcher (from `.symlinks/plugins/url_launcher/ios`)
  - url_launcher_linux (from `.symlinks/plugins/url_launcher_linux/ios`)
  - url_launcher_macos (from `.symlinks/plugins/url_launcher_macos/ios`)
  - url_launcher_web (from `.symlinks/plugins/url_launcher_web/ios`)
  - video_player (from `.symlinks/plugins/video_player/ios`)
  - video_player_web (from `.symlinks/plugins/video_player_web/ios`)
  - wakelock (from `.symlinks/plugins/wakelock/ios`)
  - webview_flutter (from `.symlinks/plugins/webview_flutter/ios`)

SPEC REPOS:
  trunk:
    - Bugly
    - FMDB
    - Reachability
    - Toast

EXTERNAL SOURCES:
  albumsaver:
    :path: ".symlinks/plugins/albumsaver/ios"
  camera:
    :path: ".symlinks/plugins/camera/ios"
  connectivity:
    :path: ".symlinks/plugins/connectivity/ios"
  connectivity_for_web:
    :path: ".symlinks/plugins/connectivity_for_web/ios"
  connectivity_macos:
    :path: ".symlinks/plugins/connectivity_macos/ios"
  device_info:
    :path: ".symlinks/plugins/device_info/ios"
  Flutter:
    :path: Flutter
  flutter_app_upgrade:
    :path: ".symlinks/plugins/flutter_app_upgrade/ios"
  flutter_bugly:
    :path: ".symlinks/plugins/flutter_bugly/ios"
  flutter_plugin_android_lifecycle:
    :path: ".symlinks/plugins/flutter_plugin_android_lifecycle/ios"
  fluttertoast:
    :path: ".symlinks/plugins/fluttertoast/ios"
  image_picker:
    :path: ".symlinks/plugins/image_picker/ios"
  package_info:
    :path: ".symlinks/plugins/package_info/ios"
  path_provider:
    :path: ".symlinks/plugins/path_provider/ios"
  path_provider_linux:
    :path: ".symlinks/plugins/path_provider_linux/ios"
  path_provider_macos:
    :path: ".symlinks/plugins/path_provider_macos/ios"
  path_provider_windows:
    :path: ".symlinks/plugins/path_provider_windows/ios"
  permission_handler:
    :path: ".symlinks/plugins/permission_handler/ios"
  screen:
    :path: ".symlinks/plugins/screen/ios"
  share:
    :path: ".symlinks/plugins/share/ios"
  shared_preferences:
    :path: ".symlinks/plugins/shared_preferences/ios"
  shared_preferences_linux:
    :path: ".symlinks/plugins/shared_preferences_linux/ios"
  shared_preferences_macos:
    :path: ".symlinks/plugins/shared_preferences_macos/ios"
  shared_preferences_web:
    :path: ".symlinks/plugins/shared_preferences_web/ios"
  shared_preferences_windows:
    :path: ".symlinks/plugins/shared_preferences_windows/ios"
  sqflite:
    :path: ".symlinks/plugins/sqflite/ios"
  url_launcher:
    :path: ".symlinks/plugins/url_launcher/ios"
  url_launcher_linux:
    :path: ".symlinks/plugins/url_launcher_linux/ios"
  url_launcher_macos:
    :path: ".symlinks/plugins/url_launcher_macos/ios"
  url_launcher_web:
    :path: ".symlinks/plugins/url_launcher_web/ios"
  video_player:
    :path: ".symlinks/plugins/video_player/ios"
  video_player_web:
    :path: ".symlinks/plugins/video_player_web/ios"
  wakelock:
    :path: ".symlinks/plugins/wakelock/ios"
  webview_flutter:
    :path: ".symlinks/plugins/webview_flutter/ios"

SPEC CHECKSUMS:
  albumsaver: 32a103f5396d64d7a96330c5e86f552d411a6df1
  Bugly: fd066c75c4a0eca1440f9b6a84bd37d51bfc85ac
  camera: a0ca5080336f7af47b88436e5e26da3dee5568f0
  connectivity: c4130b2985d4ef6fd26f9702e886bd5260681467
  connectivity_for_web: 2b8584556930d4bd490d82b836bcf45067ce345b
  connectivity_macos: e2e9731b6b22dda39eb1b128f6969d574460e191
  device_info: d7d233b645a32c40dfdc212de5cf646ca482f175
  Flutter: 0e3d915762c693b495b44d77113d4970485de6ec
  flutter_app_upgrade: a62fbe2a09a2176a7b44211c8355adfcfb969779
  flutter_bugly: c9800f4d5bc5bdc27ffdde3417a26ba44266e0c3
  flutter_plugin_android_lifecycle: dc0b544e129eebb77a6bfb1239d4d1c673a60a35
  fluttertoast: 6122fa75143e992b1d3470f61000f591a798cc58
  FMDB: 2ce00b547f966261cd18927a3ddb07cb6f3db82a
  image_picker: 9c3312491f862b28d21ecd8fdf0ee14e601b3f09
  package_info: 873975fc26034f0b863a300ad47e7f1ac6c7ec62
  path_provider: abfe2b5c733d04e238b0d8691db0cfd63a27a93c
  path_provider_linux: 4d630dc393e1f20364f3e3b4a2ff41d9674a84e4
  path_provider_macos: f760a3c5b04357c380e2fddb6f9db6f3015897e0
  path_provider_windows: a2b81600c677ac1959367280991971cb9a1edb3b
  permission_handler: eac8e15b4a1a3fba55b761d19f3f4e6b005d15b6
  Reachability: 33e18b67625424e47b6cde6d202dce689ad7af96
  screen: abd91ca7bf3426e1cc3646d27e9b2358d6bf07b0
  share: 0b2c3e82132f5888bccca3351c504d0003b3b410
  shared_preferences: af6bfa751691cdc24be3045c43ec037377ada40d
  shared_preferences_linux: afefbfe8d921e207f01ede8b60373d9e3b566b78
  shared_preferences_macos: f3f29b71ccbb56bf40c9dd6396c9acf15e214087
  shared_preferences_web: 141cce0c3ed1a1c5bf2a0e44f52d31eeb66e5ea9
  shared_preferences_windows: 36b76d6f54e76ead957e60b49e2f124b4cd3e6ae
  sqflite: 6d358c025f5b867b29ed92fc697fd34924e11904
  Toast: 91b396c56ee72a5790816f40d3a94dd357abc196
  url_launcher: 6fef411d543ceb26efce54b05a0a40bfd74cbbef
  url_launcher_linux: ac237cb7a8058736e4aae38bdbcc748a4b394cc0
  url_launcher_macos: fd7894421cd39320dce5f292fc99ea9270b2a313
  url_launcher_web: e5527357f037c87560776e36436bf2b0288b965c
  video_player: 9cc823b1d9da7e8427ee591e8438bfbcde500e6e
  video_player_web: da8cadb8274ed4f8dbee8d7171b420dedd437ce7
  wakelock: 0d4a70faf8950410735e3f61fb15d517c8a6efc4
  webview_flutter: d2b4d6c66968ad042ad94cbb791f5b72b4678a96

PODFILE CHECKSUM: af900197edf962456225a552665715e6d42236a7

COCOAPODS: 1.10.0
